
Microsoft Visual Studio Solution File, Format Version 12.00
# Visual Studio Version 16
VisualStudioVersion = 16.0.30114.105
MinimumVisualStudioVersion = 10.0.40219.1
Project("{2150E333-8FDC-42A3-9474-1A3956D46DE8}") = "src", "src", "{683EE0B7-16FA-4B98-8F65-DC05F7B9F051}"
EndProject
Project("{2150E333-8FDC-42A3-9474-1A3956D46DE8}") = "apps", "apps", "{00457FCC-9571-4882-B7BC-46C0A7963C9D}"
EndProject
Project("{FAE04EC0-301F-11D3-BF4B-00C04F79EFBC}") = "Web", "src\apps\Web\Web.csproj", "{660644A7-1F90-4E52-B993-102010BCE000}"
EndProject
Project("{2150E333-8FDC-42A3-9474-1A3956D46DE8}") = "common", "common", "{30A5EE68-5BDF-4A6F-A878-85B117B3601D}"
EndProject
Project("{FAE04EC0-301F-11D3-BF4B-00C04F79EFBC}") = "Application", "src\common\Application\Application.csproj", "{21F1C8C0-408C-46AD-8085-360722295A99}"
EndProject
Project("{FAE04EC0-301F-11D3-BF4B-00C04F79EFBC}") = "Domain", "src\common\Domain\Domain.csproj", "{BF09FA25-9AC7-46B2-97B2-B540BA17BCCE}"
EndProject
Project("{FAE04EC0-301F-11D3-BF4B-00C04F79EFBC}") = "Infrastructure", "src\common\Infrastructure\Infrastructure.csproj", "{175DDD54-EE99-4B3B-8E2C-D50CC090B207}"
EndProject
Project("{FAE04EC0-301F-11D3-BF4B-00C04F79EFBC}") = "SharedUI", "src\common\SharedUI\SharedUI.csproj", "{DFF6A582-5959-4A1D-B39F-087B248C674B}"
EndProject
Project("{2150E333-8FDC-42A3-9474-1A3956D46DE8}") = "Solution Files", "Solution Files", "{962F5E0D-FA36-4E54-A024-3F5E2C237EB3}"
	ProjectSection(SolutionItems) = preProject
		.gitignore = .gitignore
		Dockerfile = Dockerfile
		.dockerignore = .dockerignore
	EndProjectSection
EndProject
Project("{2150E333-8FDC-42A3-9474-1A3956D46DE8}") = "Workflows", "Workflows", "{D29A0E73-80A7-4B9A-B4E1-0E2B49C76EFA}"
	ProjectSection(SolutionItems) = preProject
		.github\workflows\production.yml = .github\workflows\production.yml
	EndProjectSection
EndProject
Global
	GlobalSection(SolutionConfigurationPlatforms) = preSolution
		Debug|Any CPU = Debug|Any CPU
		Release|Any CPU = Release|Any CPU
	EndGlobalSection
	GlobalSection(SolutionProperties) = preSolution
		HideSolutionNode = FALSE
	EndGlobalSection
	GlobalSection(ProjectConfigurationPlatforms) = postSolution
		{660644A7-1F90-4E52-B993-102010BCE000}.Debug|Any CPU.ActiveCfg = Debug|Any CPU
		{660644A7-1F90-4E52-B993-102010BCE000}.Debug|Any CPU.Build.0 = Debug|Any CPU
		{660644A7-1F90-4E52-B993-102010BCE000}.Release|Any CPU.ActiveCfg = Release|Any CPU
		{660644A7-1F90-4E52-B993-102010BCE000}.Release|Any CPU.Build.0 = Release|Any CPU
		{21F1C8C0-408C-46AD-8085-360722295A99}.Debug|Any CPU.ActiveCfg = Debug|Any CPU
		{21F1C8C0-408C-46AD-8085-360722295A99}.Debug|Any CPU.Build.0 = Debug|Any CPU
		{21F1C8C0-408C-46AD-8085-360722295A99}.Release|Any CPU.ActiveCfg = Release|Any CPU
		{21F1C8C0-408C-46AD-8085-360722295A99}.Release|Any CPU.Build.0 = Release|Any CPU
		{BF09FA25-9AC7-46B2-97B2-B540BA17BCCE}.Debug|Any CPU.ActiveCfg = Debug|Any CPU
		{BF09FA25-9AC7-46B2-97B2-B540BA17BCCE}.Debug|Any CPU.Build.0 = Debug|Any CPU
		{BF09FA25-9AC7-46B2-97B2-B540BA17BCCE}.Release|Any CPU.ActiveCfg = Release|Any CPU
		{BF09FA25-9AC7-46B2-97B2-B540BA17BCCE}.Release|Any CPU.Build.0 = Release|Any CPU
		{175DDD54-EE99-4B3B-8E2C-D50CC090B207}.Debug|Any CPU.ActiveCfg = Debug|Any CPU
		{175DDD54-EE99-4B3B-8E2C-D50CC090B207}.Debug|Any CPU.Build.0 = Debug|Any CPU
		{175DDD54-EE99-4B3B-8E2C-D50CC090B207}.Release|Any CPU.ActiveCfg = Release|Any CPU
		{175DDD54-EE99-4B3B-8E2C-D50CC090B207}.Release|Any CPU.Build.0 = Release|Any CPU
		{DFF6A582-5959-4A1D-B39F-087B248C674B}.Debug|Any CPU.ActiveCfg = Debug|Any CPU
		{DFF6A582-5959-4A1D-B39F-087B248C674B}.Debug|Any CPU.Build.0 = Debug|Any CPU
		{DFF6A582-5959-4A1D-B39F-087B248C674B}.Release|Any CPU.ActiveCfg = Release|Any CPU
		{DFF6A582-5959-4A1D-B39F-087B248C674B}.Release|Any CPU.Build.0 = Release|Any CPU
	EndGlobalSection
	GlobalSection(NestedProjects) = preSolution
		{00457FCC-9571-4882-B7BC-46C0A7963C9D} = {683EE0B7-16FA-4B98-8F65-DC05F7B9F051}
		{660644A7-1F90-4E52-B993-102010BCE000} = {00457FCC-9571-4882-B7BC-46C0A7963C9D}
		{30A5EE68-5BDF-4A6F-A878-85B117B3601D} = {683EE0B7-16FA-4B98-8F65-DC05F7B9F051}
		{21F1C8C0-408C-46AD-8085-360722295A99} = {30A5EE68-5BDF-4A6F-A878-85B117B3601D}
		{BF09FA25-9AC7-46B2-97B2-B540BA17BCCE} = {30A5EE68-5BDF-4A6F-A878-85B117B3601D}
		{175DDD54-EE99-4B3B-8E2C-D50CC090B207} = {30A5EE68-5BDF-4A6F-A878-85B117B3601D}
		{DFF6A582-5959-4A1D-B39F-087B248C674B} = {30A5EE68-5BDF-4A6F-A878-85B117B3601D}
		{D29A0E73-80A7-4B9A-B4E1-0E2B49C76EFA} = {962F5E0D-FA36-4E54-A024-3F5E2C237EB3}
	EndGlobalSection
EndGlobal
