
Microsoft Visual Studio Solution File, Format Version 12.00
# Visual Studio Version 16
VisualStudioVersion = 16.0.30114.105
MinimumVisualStudioVersion = 10.0.40219.1
Project("{2150E333-8FDC-42A3-9474-1A3956D46DE8}") = "src", "src", "{CC718873-2249-419C-AE66-B963C911D485}"
EndProject
Project("{2150E333-8FDC-42A3-9474-1A3956D46DE8}") = "apps", "apps", "{5717D5B4-463B-49C0-8BDC-6EADDA947BAF}"
EndProject
Project("{FAE04EC0-301F-11D3-BF4B-00C04F79EFBC}") = "WebUI", "src\apps\WebUI\WebUI.csproj", "{4BE6A426-03D6-4214-A490-0F8041310109}"
EndProject
Project("{2150E333-8FDC-42A3-9474-1A3956D46DE8}") = "common", "common", "{B9B33750-0DD5-4C4F-B39E-58B7DACD1B64}"
EndProject
Project("{FAE04EC0-301F-11D3-BF4B-00C04F79EFBC}") = "Application", "src\common\Application\Application.csproj", "{78E99467-C0F2-47C9-BAE3-4BC1FF29AD89}"
EndProject
Project("{FAE04EC0-301F-11D3-BF4B-00C04F79EFBC}") = "Domain", "src\common\Domain\Domain.csproj", "{31EE0671-778E-41CE-8831-EB8937868D0E}"
EndProject
Project("{FAE04EC0-301F-11D3-BF4B-00C04F79EFBC}") = "Infrastructure", "src\common\Infrastructure\Infrastructure.csproj", "{1D37BEB7-FFDA-4B15-A3A7-0FDA702D34D0}"
EndProject
Global
	GlobalSection(SolutionConfigurationPlatforms) = preSolution
		Debug|Any CPU = Debug|Any CPU
		Release|Any CPU = Release|Any CPU
	EndGlobalSection
	GlobalSection(SolutionProperties) = preSolution
		HideSolutionNode = FALSE
	EndGlobalSection
	GlobalSection(ProjectConfigurationPlatforms) = postSolution
		{4BE6A426-03D6-4214-A490-0F8041310109}.Debug|Any CPU.ActiveCfg = Debug|Any CPU
		{4BE6A426-03D6-4214-A490-0F8041310109}.Debug|Any CPU.Build.0 = Debug|Any CPU
		{4BE6A426-03D6-4214-A490-0F8041310109}.Release|Any CPU.ActiveCfg = Release|Any CPU
		{4BE6A426-03D6-4214-A490-0F8041310109}.Release|Any CPU.Build.0 = Release|Any CPU
		{78E99467-C0F2-47C9-BAE3-4BC1FF29AD89}.Debug|Any CPU.ActiveCfg = Debug|Any CPU
		{78E99467-C0F2-47C9-BAE3-4BC1FF29AD89}.Debug|Any CPU.Build.0 = Debug|Any CPU
		{78E99467-C0F2-47C9-BAE3-4BC1FF29AD89}.Release|Any CPU.ActiveCfg = Release|Any CPU
		{78E99467-C0F2-47C9-BAE3-4BC1FF29AD89}.Release|Any CPU.Build.0 = Release|Any CPU
		{31EE0671-778E-41CE-8831-EB8937868D0E}.Debug|Any CPU.ActiveCfg = Debug|Any CPU
		{31EE0671-778E-41CE-8831-EB8937868D0E}.Debug|Any CPU.Build.0 = Debug|Any CPU
		{31EE0671-778E-41CE-8831-EB8937868D0E}.Release|Any CPU.ActiveCfg = Release|Any CPU
		{31EE0671-778E-41CE-8831-EB8937868D0E}.Release|Any CPU.Build.0 = Release|Any CPU
		{1D37BEB7-FFDA-4B15-A3A7-0FDA702D34D0}.Debug|Any CPU.ActiveCfg = Debug|Any CPU
		{1D37BEB7-FFDA-4B15-A3A7-0FDA702D34D0}.Debug|Any CPU.Build.0 = Debug|Any CPU
		{1D37BEB7-FFDA-4B15-A3A7-0FDA702D34D0}.Release|Any CPU.ActiveCfg = Release|Any CPU
		{1D37BEB7-FFDA-4B15-A3A7-0FDA702D34D0}.Release|Any CPU.Build.0 = Release|Any CPU
	EndGlobalSection
	GlobalSection(NestedProjects) = preSolution
		{5717D5B4-463B-49C0-8BDC-6EADDA947BAF} = {CC718873-2249-419C-AE66-B963C911D485}
		{4BE6A426-03D6-4214-A490-0F8041310109} = {5717D5B4-463B-49C0-8BDC-6EADDA947BAF}
		{B9B33750-0DD5-4C4F-B39E-58B7DACD1B64} = {CC718873-2249-419C-AE66-B963C911D485}
		{78E99467-C0F2-47C9-BAE3-4BC1FF29AD89} = {B9B33750-0DD5-4C4F-B39E-58B7DACD1B64}
		{31EE0671-778E-41CE-8831-EB8937868D0E} = {B9B33750-0DD5-4C4F-B39E-58B7DACD1B64}
		{1D37BEB7-FFDA-4B15-A3A7-0FDA702D34D0} = {B9B33750-0DD5-4C4F-B39E-58B7DACD1B64}
	EndGlobalSection
EndGlobal
